
Microsoft Visual Studio Solution File, Format Version 12.00
# Visual Studio Version 16
VisualStudioVersion = 16.0.29728.190
MinimumVisualStudioVersion = 10.0.40219.1
Project("{9A19103F-16F7-4668-BE54-9A1E7A4F7556}") = "sc2dsstats.lib", "sc2dsstats.lib\sc2dsstats.lib.csproj", "{99760697-4288-47F0-99B7-112D200BF34E}"
EndProject
Project("{9A19103F-16F7-4668-BE54-9A1E7A4F7556}") = "sc2dsstats.web", "sc2dsstats.web\sc2dsstats.web.csproj", "{F53C8166-0558-45BA-A738-DF5193B7B9DC}"
EndProject
Project("{9A19103F-16F7-4668-BE54-9A1E7A4F7556}") = "sc2dsstats.desktop", "sc2dsstats.desktop\sc2dsstats.desktop.csproj", "{FE719B59-6F7C-4CDA-8EAC-CE9628327FEC}"
EndProject
Project("{9A19103F-16F7-4668-BE54-9A1E7A4F7556}") = "sc2dsstats.shared", "sc2dsstats.shared\sc2dsstats.shared.csproj", "{A7C7C354-D9AE-47C0-BF13-A305AF197BCE}"
EndProject
Project("{9A19103F-16F7-4668-BE54-9A1E7A4F7556}") = "sc2dsstats.rest", "sc2dsstats.rest\sc2dsstats.rest.csproj", "{316D93D1-6CE1-425C-8920-5B00947397EB}"
EndProject
Project("{9A19103F-16F7-4668-BE54-9A1E7A4F7556}") = "sc2dsstats.data", "sc2dsstats.data\sc2dsstats.data.csproj", "{5A8ED75B-7264-4277-AF50-BB03E8C228A5}"
EndProject
Project("{FAE04EC0-301F-11D3-BF4B-00C04F79EFBC}") = "sc2dsstats.decode", "sc2dsstats.decode\sc2dsstats.decode.csproj", "{47D35563-794C-4E1E-B189-3B1EB6427667}"
EndProject
Global
	GlobalSection(SolutionConfigurationPlatforms) = preSolution
		Debug|Any CPU = Debug|Any CPU
		Release|Any CPU = Release|Any CPU
	EndGlobalSection
	GlobalSection(ProjectConfigurationPlatforms) = postSolution
		{99760697-4288-47F0-99B7-112D200BF34E}.Debug|Any CPU.ActiveCfg = Debug|Any CPU
		{99760697-4288-47F0-99B7-112D200BF34E}.Debug|Any CPU.Build.0 = Debug|Any CPU
		{99760697-4288-47F0-99B7-112D200BF34E}.Release|Any CPU.ActiveCfg = Release|Any CPU
		{99760697-4288-47F0-99B7-112D200BF34E}.Release|Any CPU.Build.0 = Release|Any CPU
		{F53C8166-0558-45BA-A738-DF5193B7B9DC}.Debug|Any CPU.ActiveCfg = Debug|Any CPU
		{F53C8166-0558-45BA-A738-DF5193B7B9DC}.Debug|Any CPU.Build.0 = Debug|Any CPU
		{F53C8166-0558-45BA-A738-DF5193B7B9DC}.Release|Any CPU.ActiveCfg = Release|Any CPU
		{F53C8166-0558-45BA-A738-DF5193B7B9DC}.Release|Any CPU.Build.0 = Release|Any CPU
		{FE719B59-6F7C-4CDA-8EAC-CE9628327FEC}.Debug|Any CPU.ActiveCfg = Debug|Any CPU
		{FE719B59-6F7C-4CDA-8EAC-CE9628327FEC}.Debug|Any CPU.Build.0 = Debug|Any CPU
		{FE719B59-6F7C-4CDA-8EAC-CE9628327FEC}.Release|Any CPU.ActiveCfg = Release|Any CPU
		{FE719B59-6F7C-4CDA-8EAC-CE9628327FEC}.Release|Any CPU.Build.0 = Release|Any CPU
		{A7C7C354-D9AE-47C0-BF13-A305AF197BCE}.Debug|Any CPU.ActiveCfg = Debug|Any CPU
		{A7C7C354-D9AE-47C0-BF13-A305AF197BCE}.Debug|Any CPU.Build.0 = Debug|Any CPU
		{A7C7C354-D9AE-47C0-BF13-A305AF197BCE}.Release|Any CPU.ActiveCfg = Release|Any CPU
		{A7C7C354-D9AE-47C0-BF13-A305AF197BCE}.Release|Any CPU.Build.0 = Release|Any CPU
		{316D93D1-6CE1-425C-8920-5B00947397EB}.Debug|Any CPU.ActiveCfg = Debug|Any CPU
		{316D93D1-6CE1-425C-8920-5B00947397EB}.Debug|Any CPU.Build.0 = Debug|Any CPU
		{316D93D1-6CE1-425C-8920-5B00947397EB}.Release|Any CPU.ActiveCfg = Release|Any CPU
		{316D93D1-6CE1-425C-8920-5B00947397EB}.Release|Any CPU.Build.0 = Release|Any CPU
		{5A8ED75B-7264-4277-AF50-BB03E8C228A5}.Debug|Any CPU.ActiveCfg = Debug|Any CPU
		{5A8ED75B-7264-4277-AF50-BB03E8C228A5}.Debug|Any CPU.Build.0 = Debug|Any CPU
		{5A8ED75B-7264-4277-AF50-BB03E8C228A5}.Release|Any CPU.ActiveCfg = Release|Any CPU
		{5A8ED75B-7264-4277-AF50-BB03E8C228A5}.Release|Any CPU.Build.0 = Release|Any CPU
		{47D35563-794C-4E1E-B189-3B1EB6427667}.Debug|Any CPU.ActiveCfg = Debug|Any CPU
		{47D35563-794C-4E1E-B189-3B1EB6427667}.Debug|Any CPU.Build.0 = Debug|Any CPU
		{47D35563-794C-4E1E-B189-3B1EB6427667}.Release|Any CPU.ActiveCfg = Release|Any CPU
		{47D35563-794C-4E1E-B189-3B1EB6427667}.Release|Any CPU.Build.0 = Release|Any CPU
	EndGlobalSection
	GlobalSection(SolutionProperties) = preSolution
		HideSolutionNode = FALSE
	EndGlobalSection
	GlobalSection(ExtensibilityGlobals) = postSolution
		SolutionGuid = {1F189B7F-54D2-4B24-869E-BBC1C36C018F}
	EndGlobalSection
EndGlobal
