
Microsoft Visual Studio Solution File, Format Version 12.00
# Visual Studio Version 17
VisualStudioVersion = 17.0.31512.422
MinimumVisualStudioVersion = 10.0.40219.1
Project("{9A19103F-16F7-4668-BE54-9A1E7A4F7556}") = "sc2dsstats.db", "sc2dsstats.db\sc2dsstats.db.csproj", "{6C5D26AF-EA4A-4C98-8ACC-41A5725077FE}"
EndProject
Project("{9A19103F-16F7-4668-BE54-9A1E7A4F7556}") = "sc2dsstats.2022.Shared", "Shared\sc2dsstats.2022.Shared.csproj", "{03912834-81DB-4138-9240-D33D5BDF5434}"
EndProject
Project("{9A19103F-16F7-4668-BE54-9A1E7A4F7556}") = "sc2dsstats.rlib", "sc2dsstats.rlib\sc2dsstats.rlib.csproj", "{5986CEAA-1F5C-47B2-A7FB-D64DAD4CFE25}"
EndProject
Project("{9A19103F-16F7-4668-BE54-9A1E7A4F7556}") = "sc2dsstats.decode", "sc2dsstats.decode\sc2dsstats.decode.csproj", "{C9677341-8F3C-46A4-B2B1-B19722560183}"
EndProject
Project("{9A19103F-16F7-4668-BE54-9A1E7A4F7556}") = "sc2dsstats.lib", "sc2dsstats.lib\sc2dsstats.lib.csproj", "{D90EE2AE-44EB-4007-B176-1E5EAA930126}"
EndProject
Project("{9A19103F-16F7-4668-BE54-9A1E7A4F7556}") = "ChartJs.Blazor", "..\ChartJs.Blazor\src\ChartJs.Blazor\ChartJs.Blazor.csproj", "{16CA56E7-285F-44E9-B55F-5E0E23983E0F}"
EndProject
Project("{9A19103F-16F7-4668-BE54-9A1E7A4F7556}") = "sc2dsstats.app", "sc2dsstats.app\sc2dsstats.app.csproj", "{E904962E-34C6-4FE2-96B3-100DDA3B54B9}"
EndProject
Project("{FAE04EC0-301F-11D3-BF4B-00C04F79EFBC}") = "sc2dsstats.parse", "sc2dsstats.parse\sc2dsstats.parse.csproj", "{F96843B8-3C61-4788-A6DC-282995A1DF1D}"
EndProject
Global
	GlobalSection(SolutionConfigurationPlatforms) = preSolution
		Debug|Any CPU = Debug|Any CPU
		Release|Any CPU = Release|Any CPU
	EndGlobalSection
	GlobalSection(ProjectConfigurationPlatforms) = postSolution
		{6C5D26AF-EA4A-4C98-8ACC-41A5725077FE}.Debug|Any CPU.ActiveCfg = Debug|Any CPU
		{6C5D26AF-EA4A-4C98-8ACC-41A5725077FE}.Debug|Any CPU.Build.0 = Debug|Any CPU
		{6C5D26AF-EA4A-4C98-8ACC-41A5725077FE}.Release|Any CPU.ActiveCfg = Release|Any CPU
		{6C5D26AF-EA4A-4C98-8ACC-41A5725077FE}.Release|Any CPU.Build.0 = Release|Any CPU
		{03912834-81DB-4138-9240-D33D5BDF5434}.Debug|Any CPU.ActiveCfg = Debug|Any CPU
		{03912834-81DB-4138-9240-D33D5BDF5434}.Debug|Any CPU.Build.0 = Debug|Any CPU
		{03912834-81DB-4138-9240-D33D5BDF5434}.Release|Any CPU.ActiveCfg = Release|Any CPU
		{03912834-81DB-4138-9240-D33D5BDF5434}.Release|Any CPU.Build.0 = Release|Any CPU
		{5986CEAA-1F5C-47B2-A7FB-D64DAD4CFE25}.Debug|Any CPU.ActiveCfg = Debug|Any CPU
		{5986CEAA-1F5C-47B2-A7FB-D64DAD4CFE25}.Debug|Any CPU.Build.0 = Debug|Any CPU
		{5986CEAA-1F5C-47B2-A7FB-D64DAD4CFE25}.Release|Any CPU.ActiveCfg = Release|Any CPU
		{5986CEAA-1F5C-47B2-A7FB-D64DAD4CFE25}.Release|Any CPU.Build.0 = Release|Any CPU
		{C9677341-8F3C-46A4-B2B1-B19722560183}.Debug|Any CPU.ActiveCfg = Debug|Any CPU
		{C9677341-8F3C-46A4-B2B1-B19722560183}.Debug|Any CPU.Build.0 = Debug|Any CPU
		{C9677341-8F3C-46A4-B2B1-B19722560183}.Release|Any CPU.ActiveCfg = Release|Any CPU
		{C9677341-8F3C-46A4-B2B1-B19722560183}.Release|Any CPU.Build.0 = Release|Any CPU
		{D90EE2AE-44EB-4007-B176-1E5EAA930126}.Debug|Any CPU.ActiveCfg = Debug|Any CPU
		{D90EE2AE-44EB-4007-B176-1E5EAA930126}.Debug|Any CPU.Build.0 = Debug|Any CPU
		{D90EE2AE-44EB-4007-B176-1E5EAA930126}.Release|Any CPU.ActiveCfg = Release|Any CPU
		{D90EE2AE-44EB-4007-B176-1E5EAA930126}.Release|Any CPU.Build.0 = Release|Any CPU
		{16CA56E7-285F-44E9-B55F-5E0E23983E0F}.Debug|Any CPU.ActiveCfg = Debug|Any CPU
		{16CA56E7-285F-44E9-B55F-5E0E23983E0F}.Debug|Any CPU.Build.0 = Debug|Any CPU
		{16CA56E7-285F-44E9-B55F-5E0E23983E0F}.Release|Any CPU.ActiveCfg = Release|Any CPU
		{16CA56E7-285F-44E9-B55F-5E0E23983E0F}.Release|Any CPU.Build.0 = Release|Any CPU
		{E904962E-34C6-4FE2-96B3-100DDA3B54B9}.Debug|Any CPU.ActiveCfg = Debug|Any CPU
		{E904962E-34C6-4FE2-96B3-100DDA3B54B9}.Debug|Any CPU.Build.0 = Debug|Any CPU
		{E904962E-34C6-4FE2-96B3-100DDA3B54B9}.Release|Any CPU.ActiveCfg = Release|Any CPU
		{E904962E-34C6-4FE2-96B3-100DDA3B54B9}.Release|Any CPU.Build.0 = Release|Any CPU
		{F96843B8-3C61-4788-A6DC-282995A1DF1D}.Debug|Any CPU.ActiveCfg = Debug|Any CPU
		{F96843B8-3C61-4788-A6DC-282995A1DF1D}.Debug|Any CPU.Build.0 = Debug|Any CPU
		{F96843B8-3C61-4788-A6DC-282995A1DF1D}.Release|Any CPU.ActiveCfg = Release|Any CPU
		{F96843B8-3C61-4788-A6DC-282995A1DF1D}.Release|Any CPU.Build.0 = Release|Any CPU
	EndGlobalSection
	GlobalSection(SolutionProperties) = preSolution
		HideSolutionNode = FALSE
	EndGlobalSection
	GlobalSection(ExtensibilityGlobals) = postSolution
		SolutionGuid = {909B82F3-AFC5-40B3-8D54-5699FC8C076F}
	EndGlobalSection
EndGlobal
